# This file is generated by running "yarn install" inside your project.
# Manual changes might be lost - proceed with caution!

__metadata:
  version: 9
  cacheKey: 10c0

"@biomejs/biome@npm:^2.4.16":
  version: 2.4.16
  resolution: "@biomejs/biome@npm:2.4.16"
  dependencies:
    "@biomejs/cli-darwin-arm64": "npm:2.4.16"
    "@biomejs/cli-darwin-x64": "npm:2.4.16"
    "@biomejs/cli-linux-arm64": "npm:2.4.16"
    "@biomejs/cli-linux-arm64-musl": "npm:2.4.16"
    "@biomejs/cli-linux-x64": "npm:2.4.16"
    "@biomejs/cli-linux-x64-musl": "npm:2.4.16"
    "@biomejs/cli-win32-arm64": "npm:2.4.16"
    "@biomejs/cli-win32-x64": "npm:2.4.16"
  dependenciesMeta:
    "@biomejs/cli-darwin-arm64":
      optional: true
    "@biomejs/cli-darwin-x64":
      optional: true
    "@biomejs/cli-linux-arm64":
      optional: true
    "@biomejs/cli-linux-arm64-musl":
      optional: true
    "@biomejs/cli-linux-x64":
      optional: true
    "@biomejs/cli-linux-x64-musl":
      optional: true
    "@biomejs/cli-win32-arm64":
      optional: true
    "@biomejs/cli-win32-x64":
      optional: true
  bin:
    biome: bin/biome
  checksum: 10c0/c52c4309daf241888b43912a43d1ba8bae7c2160751c33900088517da3e47d1428bb1c1f64f657efa5f42f5866e6400325b39fc41c3adf7cc7aa3f237f6fa286
  languageName: node
  linkType: hard

"@biomejs/cli-darwin-arm64@npm:2.4.16":
  version: 2.4.16
  resolution: "@biomejs/cli-darwin-arm64@npm:2.4.16"
  conditions: os=darwin & cpu=arm64
  languageName: node
  linkType: hard

"@biomejs/cli-darwin-x64@npm:2.4.16":
  version: 2.4.16
  resolution: "@biomejs/cli-darwin-x64@npm:2.4.16"
  conditions: os=darwin & cpu=x64
  languageName: node
  linkType: hard

"@biomejs/cli-linux-arm64-musl@npm:2.4.16":
  version: 2.4.16
  resolution: "@biomejs/cli-linux-arm64-musl@npm:2.4.16"
  conditions: os=linux & cpu=arm64 & libc=musl
  languageName: node
  linkType: hard

"@biomejs/cli-linux-arm64@npm:2.4.16":
  version: 2.4.16
  resolution: "@biomejs/cli-linux-arm64@npm:2.4.16"
  conditions: os=linux & cpu=arm64 & libc=glibc
  languageName: node
  linkType: hard

"@biomejs/cli-linux-x64-musl@npm:2.4.16":
  version: 2.4.16
  resolution: "@biomejs/cli-linux-x64-musl@npm:2.4.16"
  conditions: os=linux & cpu=x64 & libc=musl
  languageName: node
  linkType: hard

"@biomejs/cli-linux-x64@npm:2.4.16":
  version: 2.4.16
  resolution: "@biomejs/cli-linux-x64@npm:2.4.16"
  conditions: os=linux & cpu=x64 & libc=glibc
  languageName: node
  linkType: hard

"@biomejs/cli-win32-arm64@npm:2.4.16":
  version: 2.4.16
  resolution: "@biomejs/cli-win32-arm64@npm:2.4.16"
  conditions: os=win32 & cpu=arm64
  languageName: node
  linkType: hard

"@biomejs/cli-win32-x64@npm:2.4.16":
  version: 2.4.16
  resolution: "@biomejs/cli-win32-x64@npm:2.4.16"
  conditions: os=win32 & cpu=x64
  languageName: node
  linkType: hard

"@emnapi/core@npm:1.10.0":
  version: 1.10.0
  resolution: "@emnapi/core@npm:1.10.0"
  dependencies:
    "@emnapi/wasi-threads": "npm:1.2.1"
    tslib: "npm:^2.4.0"
  checksum: 10c0/f51d08227857b60632de7714d708124f0e100a1462dde6df8221760939aa3204a73193830371830fac0716f3ccd2129f2cac1b17cd7d7958bc4da9018a296edb
  languageName: node
  linkType: hard

"@emnapi/runtime@npm:1.10.0":
  version: 1.10.0
  resolution: "@emnapi/runtime@npm:1.10.0"
  dependencies:
    tslib: "npm:^2.4.0"
  checksum: 10c0/953f14991d1aefb92ee6f8eb27dea725e484791a53a0cb5f47d9e0087b9a2c929ff2e92adf95af15d6ad456db6300c6b761ebf72b50a875b874a83520b3ba093
  languageName: node
  linkType: hard

"@emnapi/wasi-threads@npm:1.2.1":
  version: 1.2.1
  resolution: "@emnapi/wasi-threads@npm:1.2.1"
  dependencies:
    tslib: "npm:^2.4.0"
  checksum: 10c0/32fcfa81ab396533b2ec1f4082b1ff779a05d9c836bbbd3f4398405b0e6814c0d9503b7993130e37bc6941dbc1ded49f55e9700ae9ca4e803bab2b5bc5deb331
  languageName: node
  linkType: hard

"@isaacs/fs-minipass@npm:^4.0.0":
  version: 4.0.1
  resolution: "@isaacs/fs-minipass@npm:4.0.1"
  dependencies:
    minipass: "npm:^7.0.4"
  checksum: 10c0/c25b6dc1598790d5b55c0947a9b7d111cfa92594db5296c3b907e2f533c033666f692a3939eadac17b1c7c40d362d0b0635dc874cbfe3e70db7c2b07cc97a5d2
  languageName: node
  linkType: hard

"@jsonjoy.com/base64@npm:17.67.0":
  version: 17.67.0
  resolution: "@jsonjoy.com/base64@npm:17.67.0"
  peerDependencies:
    tslib: 2
  checksum: 10c0/d9616ec1ac0ea6aa455968b1f96f2d48ce38a2b1835922a909a55147d7b8cff3d648d45e9efe6781c6926beb5f04dc41c75ce548b6b84141b14bc122893e16ee
  languageName: node
  linkType: hard

"@jsonjoy.com/base64@npm:^1.1.2":
  version: 1.1.2
  resolution: "@jsonjoy.com/base64@npm:1.1.2"
  peerDependencies:
    tslib: 2
  checksum: 10c0/88717945f66dc89bf58ce75624c99fe6a5c9a0c8614e26d03e406447b28abff80c69fb37dabe5aafef1862cf315071ae66e5c85f6018b437d95f8d13d235e6eb
  languageName: node
  linkType: hard

"@jsonjoy.com/buffers@npm:17.67.0, @jsonjoy.com/buffers@npm:^17.65.0":
  version: 17.67.0
  resolution: "@jsonjoy.com/buffers@npm:17.67.0"
  peerDependencies:
    tslib: 2
  checksum: 10c0/ee46d3ea6c2dee4dd5dffd8b156745baeecfe796c7bb3f091f9fe64c402aca5e4d86ba3d736545682f919303fb15359c1f00d41ac91ea1b5d4edbbe74f540d35
  languageName: node
  linkType: hard

"@jsonjoy.com/buffers@npm:^1.0.0, @jsonjoy.com/buffers@npm:^1.2.0":
  version: 1.2.1
  resolution: "@jsonjoy.com/buffers@npm:1.2.1"
  peerDependencies:
    tslib: 2
  checksum: 10c0/5edaf761b78b730ae0598824adb37473fef5b40a8fc100625159700eb36e00057c5129c7ad15fc0e3178e8de58a044da65728e8d7b05fd3eed58e9b9a0d02b5a
  languageName: node
  linkType: hard

"@jsonjoy.com/codegen@npm:17.67.0":
  version: 17.67.0
  resolution: "@jsonjoy.com/codegen@npm:17.67.0"
  peerDependencies:
    tslib: 2
  checksum: 10c0/3cc529377cc315acf373dc52dbd39d56285b31ba8ca90a4447230e37e405372cc13bed7df638dc81f9071ff8f4eb8e825217987397d80182d08ded761e609a93
  languageName: node
  linkType: hard

"@jsonjoy.com/codegen@npm:^1.0.0":
  version: 1.0.0
  resolution: "@jsonjoy.com/codegen@npm:1.0.0"
  peerDependencies:
    tslib: 2
  checksum: 10c0/54686352248440ad1484ce7db0270a5a72424fb9651b090e5f1c8e2cd8e55e6c7a3f67dfe4ed90c689cf01ed949e794764a8069f5f52510eaf0a2d0c41d324cd
  languageName: node
  linkType: hard

"@jsonjoy.com/fs-core@npm:4.57.6":
  version: 4.57.6
  resolution: "@jsonjoy.com/fs-core@npm:4.57.6"
  dependencies:
    "@jsonjoy.com/fs-node-builtins": "npm:4.57.6"
    "@jsonjoy.com/fs-node-utils": "npm:4.57.6"
    thingies: "npm:^2.5.0"
  peerDependencies:
    tslib: 2
  checksum: 10c0/31969b3459c0f220862fd5f5dda98910ef61dd36aab9bd43300f57465e5e54d3b2b988332f95c540bfccc3214080e5cf9c3bf9fa31ea159654f1d22920f50241
  languageName: node
  linkType: hard

"@jsonjoy.com/fs-fsa@npm:4.57.6":
  version: 4.57.6
  resolution: "@jsonjoy.com/fs-fsa@npm:4.57.6"
  dependencies:
    "@jsonjoy.com/fs-core": "npm:4.57.6"
    "@jsonjoy.com/fs-node-builtins": "npm:4.57.6"
    "@jsonjoy.com/fs-node-utils": "npm:4.57.6"
    thingies: "npm:^2.5.0"
  peerDependencies:
    tslib: 2
  checksum: 10c0/99c89c296a086aebc1347ec13827a8c7fb27b8fbc3c37922f2d14550778d897f9d3416fc4e2de8ed487617878e62a2a8fd5ae296129e29e677bff783f1f9e3d1
  languageName: node
  linkType: hard

"@jsonjoy.com/fs-node-builtins@npm:4.57.6":
  version: 4.57.6
  resolution: "@jsonjoy.com/fs-node-builtins@npm:4.57.6"
  peerDependencies:
    tslib: 2
  checksum: 10c0/5bd06bb8ff4a3740e2843e71b5729432b1058ffefb545113d6ddbbd3a3ffbf6d67d7fa2b8042f048d46368635afeede1d3efe0e9f0d08be14912f162ea87e29b
  languageName: node
  linkType: hard

"@jsonjoy.com/fs-node-to-fsa@npm:4.57.6":
  version: 4.57.6
  resolution: "@jsonjoy.com/fs-node-to-fsa@npm:4.57.6"
  dependencies:
    "@jsonjoy.com/fs-fsa": "npm:4.57.6"
    "@jsonjoy.com/fs-node-builtins": "npm:4.57.6"
    "@jsonjoy.com/fs-node-utils": "npm:4.57.6"
  peerDependencies:
    tslib: 2
  checksum: 10c0/024712b4ed6527ea79683e358a94be0dd51884b5ecf11da5b11dd848c8f9705f8b010271fa8ffb2090899737c0330d97d376b41477fff188b3982d9a7e64c0f8
  languageName: node
  linkType: hard

"@jsonjoy.com/fs-node-utils@npm:4.57.6":
  version: 4.57.6
  resolution: "@jsonjoy.com/fs-node-utils@npm:4.57.6"
  dependencies:
    "@jsonjoy.com/fs-node-builtins": "npm:4.57.6"
  peerDependencies:
    tslib: 2
  checksum: 10c0/001f4dc2e6104cd7890c98b26b138f728b8a9f3776392b28e9b3497f3aa16e8ae6561943cb9dd8155446755025998ba24184a2cc0eeda60bae6670300c62a9fe
  languageName: node
  linkType: hard

"@jsonjoy.com/fs-node@npm:4.57.6":
  version: 4.57.6
  resolution: "@jsonjoy.com/fs-node@npm:4.57.6"
  dependencies:
    "@jsonjoy.com/fs-core": "npm:4.57.6"
    "@jsonjoy.com/fs-node-builtins": "npm:4.57.6"
    "@jsonjoy.com/fs-node-utils": "npm:4.57.6"
    "@jsonjoy.com/fs-print": "npm:4.57.6"
    "@jsonjoy.com/fs-snapshot": "npm:4.57.6"
    glob-to-regex.js: "npm:^1.0.0"
    thingies: "npm:^2.5.0"
  peerDependencies:
    tslib: 2
  checksum: 10c0/b8d3b4a33ce4345bf56fe93c6f1c95046f0cea4bb366f59873cbdc61ed4d97d0c25a93cb3d23a0558da0c98c4d604b8da47357b678d62d41a81a8518f22ead83
  languageName: node
  linkType: hard

"@jsonjoy.com/fs-print@npm:4.57.6":
  version: 4.57.6
  resolution: "@jsonjoy.com/fs-print@npm:4.57.6"
  dependencies:
    "@jsonjoy.com/fs-node-utils": "npm:4.57.6"
    tree-dump: "npm:^1.1.0"
  peerDependencies:
    tslib: 2
  checksum: 10c0/b5ea71dd618c7a083d6683e1edf4d7034d9a764b42483bb4e75d4c700eec74d39d11440d389e2843bc9a9d0b37ee56bd1f0f8053eb3d4882cd75cdfd3a82b0d1
  languageName: node
  linkType: hard

"@jsonjoy.com/fs-snapshot@npm:4.57.6":
  version: 4.57.6
  resolution: "@jsonjoy.com/fs-snapshot@npm:4.57.6"
  dependencies:
    "@jsonjoy.com/buffers": "npm:^17.65.0"
    "@jsonjoy.com/fs-node-utils": "npm:4.57.6"
    "@jsonjoy.com/json-pack": "npm:^17.65.0"
    "@jsonjoy.com/util": "npm:^17.65.0"
  peerDependencies:
    tslib: 2
  checksum: 10c0/07465463d9e2c90a811511976f38fc1374bf397973d1b4e3eff395ca490ed2005a6e215726be9be1e0a69689957b0cdeed5a49bd23983d427d06847b8885af9e
  languageName: node
  linkType: hard

"@jsonjoy.com/json-pack@npm:^1.11.0":
  version: 1.21.0
  resolution: "@jsonjoy.com/json-pack@npm:1.21.0"
  dependencies:
    "@jsonjoy.com/base64": "npm:^1.1.2"
    "@jsonjoy.com/buffers": "npm:^1.2.0"
    "@jsonjoy.com/codegen": "npm:^1.0.0"
    "@jsonjoy.com/json-pointer": "npm:^1.0.2"
    "@jsonjoy.com/util": "npm:^1.9.0"
    hyperdyperid: "npm:^1.2.0"
    thingies: "npm:^2.5.0"
    tree-dump: "npm:^1.1.0"
  peerDependencies:
    tslib: 2
  checksum: 10c0/0183eccccf2ab912389a6784ae81c1a7da48cf178902efe093fb60c457359c7c75da2803f869e0a1489f1342dfa4f8ab9b27b65adc9f44fd9646823773b71e9d
  languageName: node
  linkType: hard

"@jsonjoy.com/json-pack@npm:^17.65.0":
  version: 17.67.0
  resolution: "@jsonjoy.com/json-pack@npm:17.67.0"
  dependencies:
    "@jsonjoy.com/base64": "npm:17.67.0"
    "@jsonjoy.com/buffers": "npm:17.67.0"
    "@jsonjoy.com/codegen": "npm:17.67.0"
    "@jsonjoy.com/json-pointer": "npm:17.67.0"
    "@jsonjoy.com/util": "npm:17.67.0"
    hyperdyperid: "npm:^1.2.0"
    thingies: "npm:^2.5.0"
    tree-dump: "npm:^1.1.0"
  peerDependencies:
    tslib: 2
  checksum: 10c0/fee56d024c84f031ef011a85ccca071c73b8a0739506083bd3dc7a17c720a498599f285e79082a9626314324ea938f189d18d47a03341cb76286ca2e7098bf53
  languageName: node
  linkType: hard

"@jsonjoy.com/json-pointer@npm:17.67.0":
  version: 17.67.0
  resolution: "@jsonjoy.com/json-pointer@npm:17.67.0"
  dependencies:
    "@jsonjoy.com/util": "npm:17.67.0"
  peerDependencies:
    tslib: 2
  checksum: 10c0/763e0b1bc274390a605073b49e5bf55bdf386e784f5940d456faca958d90915b7d9a47dd9d58a08e2113f40167b0640d313897811680eb91630726920618fe7d
  languageName: node
  linkType: hard

"@jsonjoy.com/json-pointer@npm:^1.0.2":
  version: 1.0.2
  resolution: "@jsonjoy.com/json-pointer@npm:1.0.2"
  dependencies:
    "@jsonjoy.com/codegen": "npm:^1.0.0"
    "@jsonjoy.com/util": "npm:^1.9.0"
  peerDependencies:
    tslib: 2
  checksum: 10c0/8d959c0fdd77d937d2a829270de51533bb9e3b887b3f6f02943884dc33dd79225071218c93f4bafdee6a3412fd5153264997953a86de444d85c1fff67915af54
  languageName: node
  linkType: hard

"@jsonjoy.com/util@npm:17.67.0, @jsonjoy.com/util@npm:^17.65.0":
  version: 17.67.0
  resolution: "@jsonjoy.com/util@npm:17.67.0"
  dependencies:
    "@jsonjoy.com/buffers": "npm:17.67.0"
    "@jsonjoy.com/codegen": "npm:17.67.0"
  peerDependencies:
    tslib: 2
  checksum: 10c0/44be53d94c99ce74a0eff1bb111f0ff4392a1226e34637321c8bc45b569da3f9e12db8b225eef3694c44b9fd2e9b800d7baf5ea0d38e1d7767bfcbef4fbf91b0
  languageName: node
  linkType: hard

"@jsonjoy.com/util@npm:^1.9.0":
  version: 1.9.0
  resolution: "@jsonjoy.com/util@npm:1.9.0"
  dependencies:
    "@jsonjoy.com/buffers": "npm:^1.0.0"
    "@jsonjoy.com/codegen": "npm:^1.0.0"
  peerDependencies:
    tslib: 2
  checksum: 10c0/a720a6accaae71fa9e7fa06e93e382702aa5760ef2bdc3bc45c19dc2228a01cc735d36cb970c654bc5e88f1328d55d1f0d5eceef0b76bcc327a2ce863e7b0021
  languageName: node
  linkType: hard

"@napi-rs/wasm-runtime@npm:1.1.4":
  version: 1.1.4
  resolution: "@napi-rs/wasm-runtime@npm:1.1.4"
  dependencies:
    "@tybys/wasm-util": "npm:^0.10.1"
  peerDependencies:
    "@emnapi/core": ^1.7.1
    "@emnapi/runtime": ^1.7.1
  checksum: 10c0/2e88e1955258949ccf2d18c79975821ad38071b465ef126a5e14110977b97868867b016c1ad046e963cccc42c0bd9db6c8ff5fd1ebb61b87bb3487f339041658
  languageName: node
  linkType: hard

"@rsbuild/core@npm:^2.0.9":
  version: 2.0.11
  resolution: "@rsbuild/core@npm:2.0.11"
  dependencies:
    "@rspack/core": "npm:~2.0.6"
    "@swc/helpers": "npm:^0.5.23"
  peerDependencies:
    core-js: ">= 3.0.0"
  peerDependenciesMeta:
    core-js:
      optional: true
  bin:
    rsbuild: ./bin/rsbuild.js
  checksum: 10c0/bfefec8a736f9b03ecc85f2eff9b6801d25d199b81c60cf1cacdc90b361f8f84dda78a1bb26f232ee8929f8abc2a1f3c3cd01fc5a114749dc1ffd249a717a7ed
  languageName: node
  linkType: hard

"@rsbuild/plugin-type-check@npm:^1.3.5":
  version: 1.3.6
  resolution: "@rsbuild/plugin-type-check@npm:1.3.6"
  dependencies:
    deepmerge: "npm:^4.3.1"
    json5: "npm:^2.2.3"
    reduce-configs: "npm:^1.1.2"
    ts-checker-rspack-plugin: "npm:^1.3.1"
  peerDependencies:
    "@rsbuild/core": ^1.0.0 || ^2.0.0
  peerDependenciesMeta:
    "@rsbuild/core":
      optional: true
  checksum: 10c0/2b110b066ce43d74142972c8d19536b2a11754c43ada99bff3297380efc71c3847434a2fc3cdf6038d08e3c317bdc500a862fea7d1afb28bfbc47435b91c42ca
  languageName: node
  linkType: hard

"@rspack/binding-darwin-arm64@npm:2.0.6":
  version: 2.0.6
  resolution: "@rspack/binding-darwin-arm64@npm:2.0.6"
  conditions: os=darwin & cpu=arm64
  languageName: node
  linkType: hard

"@rspack/binding-darwin-x64@npm:2.0.6":
  version: 2.0.6
  resolution: "@rspack/binding-darwin-x64@npm:2.0.6"
  conditions: os=darwin & cpu=x64
  languageName: node
  linkType: hard

"@rspack/binding-linux-arm64-gnu@npm:2.0.6":
  version: 2.0.6
  resolution: "@rspack/binding-linux-arm64-gnu@npm:2.0.6"
  conditions: os=linux & cpu=arm64 & libc=glibc
  languageName: node
  linkType: hard

"@rspack/binding-linux-arm64-musl@npm:2.0.6":
  version: 2.0.6
  resolution: "@rspack/binding-linux-arm64-musl@npm:2.0.6"
  conditions: os=linux & cpu=arm64 & libc=musl
  languageName: node
  linkType: hard

"@rspack/binding-linux-x64-gnu@npm:2.0.6":
  version: 2.0.6
  resolution: "@rspack/binding-linux-x64-gnu@npm:2.0.6"
  conditions: os=linux & cpu=x64 & libc=glibc
  languageName: node
  linkType: hard

"@rspack/binding-linux-x64-musl@npm:2.0.6":
  version: 2.0.6
  resolution: "@rspack/binding-linux-x64-musl@npm:2.0.6"
  conditions: os=linux & cpu=x64 & libc=musl
  languageName: node
  linkType: hard

"@rspack/binding-wasm32-wasi@npm:2.0.6":
  version: 2.0.6
  resolution: "@rspack/binding-wasm32-wasi@npm:2.0.6"
  dependencies:
    "@emnapi/core": "npm:1.10.0"
    "@emnapi/runtime": "npm:1.10.0"
    "@napi-rs/wasm-runtime": "npm:1.1.4"
  conditions: cpu=wasm32
  languageName: node
  linkType: hard

"@rspack/binding-win32-arm64-msvc@npm:2.0.6":
  version: 2.0.6
  resolution: "@rspack/binding-win32-arm64-msvc@npm:2.0.6"
  conditions: os=win32 & cpu=arm64
  languageName: node
  linkType: hard

"@rspack/binding-win32-ia32-msvc@npm:2.0.6":
  version: 2.0.6
  resolution: "@rspack/binding-win32-ia32-msvc@npm:2.0.6"
  conditions: os=win32 & cpu=ia32
  languageName: node
  linkType: hard

"@rspack/binding-win32-x64-msvc@npm:2.0.6":
  version: 2.0.6
  resolution: "@rspack/binding-win32-x64-msvc@npm:2.0.6"
  conditions: os=win32 & cpu=x64
  languageName: node
  linkType: hard

"@rspack/binding@npm:2.0.6":
  version: 2.0.6
  resolution: "@rspack/binding@npm:2.0.6"
  dependencies:
    "@rspack/binding-darwin-arm64": "npm:2.0.6"
    "@rspack/binding-darwin-x64": "npm:2.0.6"
    "@rspack/binding-linux-arm64-gnu": "npm:2.0.6"
    "@rspack/binding-linux-arm64-musl": "npm:2.0.6"
    "@rspack/binding-linux-x64-gnu": "npm:2.0.6"
    "@rspack/binding-linux-x64-musl": "npm:2.0.6"
    "@rspack/binding-wasm32-wasi": "npm:2.0.6"
    "@rspack/binding-win32-arm64-msvc": "npm:2.0.6"
    "@rspack/binding-win32-ia32-msvc": "npm:2.0.6"
    "@rspack/binding-win32-x64-msvc": "npm:2.0.6"
  dependenciesMeta:
    "@rspack/binding-darwin-arm64":
      optional: true
    "@rspack/binding-darwin-x64":
      optional: true
    "@rspack/binding-linux-arm64-gnu":
      optional: true
    "@rspack/binding-linux-arm64-musl":
      optional: true
    "@rspack/binding-linux-x64-gnu":
      optional: true
    "@rspack/binding-linux-x64-musl":
      optional: true
    "@rspack/binding-wasm32-wasi":
      optional: true
    "@rspack/binding-win32-arm64-msvc":
      optional: true
    "@rspack/binding-win32-ia32-msvc":
      optional: true
    "@rspack/binding-win32-x64-msvc":
      optional: true
  checksum: 10c0/b6b7084327974e246c377c3a8012b5156ad6447484e5616de1b0a19a8598747deb7841a200b8336551f8ef73fa7523212db59f1ff21e76e2304ff6fb3f397d73
  languageName: node
  linkType: hard

"@rspack/core@npm:~2.0.6":
  version: 2.0.6
  resolution: "@rspack/core@npm:2.0.6"
  dependencies:
    "@rspack/binding": "npm:2.0.6"
  peerDependencies:
    "@module-federation/runtime-tools": ^0.24.1 || ^2.0.0
    "@swc/helpers": ^0.5.23
  peerDependenciesMeta:
    "@module-federation/runtime-tools":
      optional: true
    "@swc/helpers":
      optional: true
  checksum: 10c0/a1e574103e1a6c053b450a5f3573a29892a7fcd3c215d446071ea59141261ccf7a261c115ab0b64e67934a5cc373936c2e0aa43603efc73bd323490b093c131a
  languageName: node
  linkType: hard

"@rspack/lite-tapable@npm:^1.1.1":
  version: 1.1.2
  resolution: "@rspack/lite-tapable@npm:1.1.2"
  checksum: 10c0/c5d942d5ec80d2ad5af9f85d60c13e5bef785681995ed511ec501e0a7f69e5878737ce45c058909a7f515db065630f51ed64a76452319da2f0759d35eb332439
  languageName: node
  linkType: hard

"@swc/helpers@npm:^0.5.23":
  version: 0.5.23
  resolution: "@swc/helpers@npm:0.5.23"
  dependencies:
    tslib: "npm:^2.8.0"
  checksum: 10c0/02da7b4df465693933ecd4851cc193ec729c309939c8a84eccae5ec0010aafc3894e713b8ef8d13a6ba401759f0e900c88e2dcfef5872c27bb91e70f73275cce
  languageName: node
  linkType: hard

"@tybys/wasm-util@npm:^0.10.1":
  version: 0.10.2
  resolution: "@tybys/wasm-util@npm:0.10.2"
  dependencies:
    tslib: "npm:^2.4.0"
  checksum: 10c0/26165bcd1fd7269f42d7fbe3de318f854a8968de8397e89fc9a423bb3e2da35a52150f382e6323b3367595beb16d9800a6f35971a5599daf76da1742ec3afc25
  languageName: node
  linkType: hard

"@types/node@npm:^25.9.1":
  version: 25.9.1
  resolution: "@types/node@npm:25.9.1"
  dependencies:
    undici-types: "npm:>=7.24.0 <7.24.7"
  checksum: 10c0/9a04682842bebbcf21a1779dfeab9aa733d7bd7bbc0a0edb641ab3a9a3d43eac543225acf669c334f458f1956443ebc072bc3c72840c543b8b356cab5c82d456
  languageName: node
  linkType: hard

"abbrev@npm:^4.0.0":
  version: 4.0.0
  resolution: "abbrev@npm:4.0.0"
  checksum: 10c0/b4cc16935235e80702fc90192e349e32f8ef0ed151ef506aa78c81a7c455ec18375c4125414b99f84b2e055199d66383e787675f0bcd87da7a4dbd59f9eac1d5
  languageName: node
  linkType: hard

"anymatch@npm:~3.1.2":
  version: 3.1.3
  resolution: "anymatch@npm:3.1.3"
  dependencies:
    normalize-path: "npm:^3.0.0"
    picomatch: "npm:^2.0.4"
  checksum: 10c0/57b06ae984bc32a0d22592c87384cd88fe4511b1dd7581497831c56d41939c8a001b28e7b853e1450f2bf61992dfcaa8ae2d0d161a0a90c4fb631ef07098fbac
  languageName: node
  linkType: hard

"balanced-match@npm:^4.0.2":
  version: 4.0.4
  resolution: "balanced-match@npm:4.0.4"
  checksum: 10c0/07e86102a3eb2ee2a6a1a89164f29d0dbaebd28f2ca3f5ca786f36b8b23d9e417eb3be45a4acf754f837be5ac0a2317de90d3fcb7f4f4dc95720a1f36b26a17b
  languageName: node
  linkType: hard

"binary-extensions@npm:^2.0.0":
  version: 2.3.0
  resolution: "binary-extensions@npm:2.3.0"
  checksum: 10c0/75a59cafc10fb12a11d510e77110c6c7ae3f4ca22463d52487709ca7f18f69d886aa387557cc9864fbdb10153d0bdb4caacabf11541f55e89ed6e18d12ece2b5
  languageName: node
  linkType: hard

"brace-expansion@npm:^5.0.5":
  version: 5.0.6
  resolution: "brace-expansion@npm:5.0.6"
  dependencies:
    balanced-match: "npm:^4.0.2"
  checksum: 10c0/8c919869b90f61d533b341d3340be5ee4413232ea89b8246cbc2f38eb014f1d8182785c98a006eaf6111d02dc9eeffefdc240d5ac158625b2ed084dccd4bbf9b
  languageName: node
  linkType: hard

"braces@npm:~3.0.2":
  version: 3.0.3
  resolution: "braces@npm:3.0.3"
  dependencies:
    fill-range: "npm:^7.1.1"
  checksum: 10c0/7c6dfd30c338d2997ba77500539227b9d1f85e388a5f43220865201e407e076783d0881f2d297b9f80951b4c957fcf0b51c1d2d24227631643c3f7c284b0aa04
  languageName: node
  linkType: hard

"chokidar@npm:^3.6.0":
  version: 3.6.0
  resolution: "chokidar@npm:3.6.0"
  dependencies:
    anymatch: "npm:~3.1.2"
    braces: "npm:~3.0.2"
    fsevents: "npm:~2.3.2"
    glob-parent: "npm:~5.1.2"
    is-binary-path: "npm:~2.1.0"
    is-glob: "npm:~4.0.1"
    normalize-path: "npm:~3.0.0"
    readdirp: "npm:~3.6.0"
  dependenciesMeta:
    fsevents:
      optional: true
  checksum: 10c0/8361dcd013f2ddbe260eacb1f3cb2f2c6f2b0ad118708a343a5ed8158941a39cb8fb1d272e0f389712e74ee90ce8ba864eece9e0e62b9705cb468a2f6d917462
  languageName: node
  linkType: hard

"chownr@npm:^3.0.0":
  version: 3.0.0
  resolution: "chownr@npm:3.0.0"
  checksum: 10c0/43925b87700f7e3893296c8e9c56cc58f926411cce3a6e5898136daaf08f08b9a8eb76d37d3267e707d0dcc17aed2e2ebdf5848c0c3ce95cf910a919935c1b10
  languageName: node
  linkType: hard

"deepmerge@npm:^4.3.1":
  version: 4.3.1
  resolution: "deepmerge@npm:4.3.1"
  checksum: 10c0/e53481aaf1aa2c4082b5342be6b6d8ad9dfe387bc92ce197a66dea08bd4265904a087e75e464f14d1347cf2ac8afe1e4c16b266e0561cc5df29382d3c5f80044
  languageName: node
  linkType: hard

"env-paths@npm:^2.2.0":
  version: 2.2.1
  resolution: "env-paths@npm:2.2.1"
  checksum: 10c0/285325677bf00e30845e330eec32894f5105529db97496ee3f598478e50f008c5352a41a30e5e72ec9de8a542b5a570b85699cd63bd2bc646dbcb9f311d83bc4
  languageName: node
  linkType: hard

"eventemitter3@npm:^5.0.1":
  version: 5.0.4
  resolution: "eventemitter3@npm:5.0.4"
  checksum: 10c0/575b8cac8d709e1473da46f8f15ef311b57ff7609445a7c71af5cd42598583eee6f098fa7a593e30f27e94b8865642baa0689e8fa97c016f742abdb3b1bf6d9a
  languageName: node
  linkType: hard

"exponential-backoff@npm:^3.1.1":
  version: 3.1.3
  resolution: "exponential-backoff@npm:3.1.3"
  checksum: 10c0/77e3ae682b7b1f4972f563c6dbcd2b0d54ac679e62d5d32f3e5085feba20483cf28bd505543f520e287a56d4d55a28d7874299941faf637e779a1aa5994d1267
  languageName: node
  linkType: hard

"fdir@npm:^6.5.0":
  version: 6.5.0
  resolution: "fdir@npm:6.5.0"
  peerDependencies:
    picomatch: ^3 || ^4
  peerDependenciesMeta:
    picomatch:
      optional: true
  checksum: 10c0/e345083c4306b3aed6cb8ec551e26c36bab5c511e99ea4576a16750ddc8d3240e63826cc624f5ae17ad4dc82e68a253213b60d556c11bfad064b7607847ed07f
  languageName: node
  linkType: hard

"fill-range@npm:^7.1.1":
  version: 7.1.1
  resolution: "fill-range@npm:7.1.1"
  dependencies:
    to-regex-range: "npm:^5.0.1"
  checksum: 10c0/b75b691bbe065472f38824f694c2f7449d7f5004aa950426a2c28f0306c60db9b880c0b0e4ed819997ffb882d1da02cfcfc819bddc94d71627f5269682edf018
  languageName: node
  linkType: hard

"fsevents@npm:~2.3.2":
  version: 2.3.3
  resolution: "fsevents@npm:2.3.3"
  dependencies:
    node-gyp: "npm:latest"
  checksum: 10c0/a1f0c44595123ed717febbc478aa952e47adfc28e2092be66b8ab1635147254ca6cfe1df792a8997f22716d4cbafc73309899ff7bfac2ac3ad8cf2e4ecc3ec60
  conditions: os=darwin
  languageName: node
  linkType: hard

"fsevents@patch:fsevents@npm%3A~2.3.2#optional!builtin<compat/fsevents>":
  version: 2.3.3
  resolution: "fsevents@patch:fsevents@npm%3A2.3.3#optional!builtin<compat/fsevents>::version=2.3.3&hash=df0bf1"
  dependencies:
    node-gyp: "npm:latest"
  conditions: os=darwin
  languageName: node
  linkType: hard

"glob-parent@npm:~5.1.2":
  version: 5.1.2
  resolution: "glob-parent@npm:5.1.2"
  dependencies:
    is-glob: "npm:^4.0.1"
  checksum: 10c0/cab87638e2112bee3f839ef5f6e0765057163d39c66be8ec1602f3823da4692297ad4e972de876ea17c44d652978638d2fd583c6713d0eb6591706825020c9ee
  languageName: node
  linkType: hard

"glob-to-regex.js@npm:^1.0.0, glob-to-regex.js@npm:^1.0.1":
  version: 1.2.0
  resolution: "glob-to-regex.js@npm:1.2.0"
  peerDependencies:
    tslib: 2
  checksum: 10c0/011c81ae2a4d7ac5fd617038209fd9639d54c76211cc88fe8dd85d1a0850bc683a63cf5b1eae370141fca7dd2c834dfb9684dfdd8bf7472f2c1e4ef6ab6e34f9
  languageName: node
  linkType: hard

"glob@npm:^13.0.3":
  version: 13.0.6
  resolution: "glob@npm:13.0.6"
  dependencies:
    minimatch: "npm:^10.2.2"
    minipass: "npm:^7.1.3"
    path-scurry: "npm:^2.0.2"
  checksum: 10c0/269c236f11a9b50357fe7a8c6aadac667e01deb5242b19c84975628f05f4438d8ee1354bb62c5d6c10f37fd59911b54d7799730633a2786660d8c69f1d18120a
  languageName: node
  linkType: hard

"graceful-fs@npm:^4.2.6":
  version: 4.2.11
  resolution: "graceful-fs@npm:4.2.11"
  checksum: 10c0/386d011a553e02bc594ac2ca0bd6d9e4c22d7fa8cfbfc448a6d148c59ea881b092db9dbe3547ae4b88e55f1b01f7c4a2ecc53b310c042793e63aa44cf6c257f2
  languageName: node
  linkType: hard

"hyperdyperid@npm:^1.2.0":
  version: 1.2.0
  resolution: "hyperdyperid@npm:1.2.0"
  checksum: 10c0/885ba3177c7181d315a856ee9c0005ff8eb5dcb1ce9e9d61be70987895d934d84686c37c981cceeb53216d4c9c15c1cc25f1804e84cc6a74a16993c5d7fd0893
  languageName: node
  linkType: hard

"is-binary-path@npm:~2.1.0":
  version: 2.1.0
  resolution: "is-binary-path@npm:2.1.0"
  dependencies:
    binary-extensions: "npm:^2.0.0"
  checksum: 10c0/a16eaee59ae2b315ba36fad5c5dcaf8e49c3e27318f8ab8fa3cdb8772bf559c8d1ba750a589c2ccb096113bb64497084361a25960899cb6172a6925ab6123d38
  languageName: node
  linkType: hard

"is-extglob@npm:^2.1.1":
  version: 2.1.1
  resolution: "is-extglob@npm:2.1.1"
  checksum: 10c0/5487da35691fbc339700bbb2730430b07777a3c21b9ebaecb3072512dfd7b4ba78ac2381a87e8d78d20ea08affb3f1971b4af629173a6bf435ff8a4c47747912
  languageName: node
  linkType: hard

"is-glob@npm:^4.0.1, is-glob@npm:~4.0.1":
  version: 4.0.3
  resolution: "is-glob@npm:4.0.3"
  dependencies:
    is-extglob: "npm:^2.1.1"
  checksum: 10c0/17fb4014e22be3bbecea9b2e3a76e9e34ff645466be702f1693e8f1ee1adac84710d0be0bd9f967d6354036fd51ab7c2741d954d6e91dae6bb69714de92c197a
  languageName: node
  linkType: hard

"is-number@npm:^7.0.0":
  version: 7.0.0
  resolution: "is-number@npm:7.0.0"
  checksum: 10c0/b4686d0d3053146095ccd45346461bc8e53b80aeb7671cc52a4de02dbbf7dc0d1d2a986e2fe4ae206984b4d34ef37e8b795ebc4f4295c978373e6575e295d811
  languageName: node
  linkType: hard

"isexe@npm:^4.0.0":
  version: 4.0.0
  resolution: "isexe@npm:4.0.0"
  checksum: 10c0/5884815115bceac452877659a9c7726382531592f43dc29e5d48b7c4100661aed54018cb90bd36cb2eaeba521092570769167acbb95c18d39afdccbcca06c5ce
  languageName: node
  linkType: hard

"json5@npm:^2.2.3":
  version: 2.2.3
  resolution: "json5@npm:2.2.3"
  bin:
    json5: lib/cli.js
  checksum: 10c0/5a04eed94810fa55c5ea138b2f7a5c12b97c3750bc63d11e511dcecbfef758003861522a070c2272764ee0f4e3e323862f386945aeb5b85b87ee43f084ba586c
  languageName: node
  linkType: hard

"lru-cache@npm:^11.0.0":
  version: 11.5.0
  resolution: "lru-cache@npm:11.5.0"
  checksum: 10c0/b92c2a7518128dec6b244bf3eb9fd79964d316cdeb12865ebfc2cebb4dfe9b24e3767a3923d71e6eb735f56b557fc55f08f150a53097d7805afb628c90158df4
  languageName: node
  linkType: hard

"memfs@npm:^4.57.3":
  version: 4.57.6
  resolution: "memfs@npm:4.57.6"
  dependencies:
    "@jsonjoy.com/fs-core": "npm:4.57.6"
    "@jsonjoy.com/fs-fsa": "npm:4.57.6"
    "@jsonjoy.com/fs-node": "npm:4.57.6"
    "@jsonjoy.com/fs-node-builtins": "npm:4.57.6"
    "@jsonjoy.com/fs-node-to-fsa": "npm:4.57.6"
    "@jsonjoy.com/fs-node-utils": "npm:4.57.6"
    "@jsonjoy.com/fs-print": "npm:4.57.6"
    "@jsonjoy.com/fs-snapshot": "npm:4.57.6"
    "@jsonjoy.com/json-pack": "npm:^1.11.0"
    "@jsonjoy.com/util": "npm:^1.9.0"
    glob-to-regex.js: "npm:^1.0.1"
    thingies: "npm:^2.5.0"
    tree-dump: "npm:^1.0.3"
    tslib: "npm:^2.0.0"
  peerDependencies:
    tslib: 2
  checksum: 10c0/b07c1e8578c4a6efa23af5a421befedc81e072bc7b472ab6d6ac38d5d07c4bf8f6bc5a99054536191aefccf37cafd9141b4d64ae0cbd806e85d4b029d8af40cf
  languageName: node
  linkType: hard

"minimatch@npm:^10.2.2":
  version: 10.2.5
  resolution: "minimatch@npm:10.2.5"
  dependencies:
    brace-expansion: "npm:^5.0.5"
  checksum: 10c0/6bb058bd6324104b9ec2f763476a35386d05079c1f5fe4fbf1f324a25237cd4534d6813ecd71f48208f4e635c1221899bef94c3c89f7df55698fe373aaae20fd
  languageName: node
  linkType: hard

"minipass@npm:^7.0.4, minipass@npm:^7.1.2, minipass@npm:^7.1.3":
  version: 7.1.3
  resolution: "minipass@npm:7.1.3"
  checksum: 10c0/539da88daca16533211ea5a9ee98dc62ff5742f531f54640dd34429e621955e91cc280a91a776026264b7f9f6735947629f920944e9c1558369e8bf22eb33fbb
  languageName: node
  linkType: hard

"minizlib@npm:^3.1.0":
  version: 3.1.0
  resolution: "minizlib@npm:3.1.0"
  dependencies:
    minipass: "npm:^7.1.2"
  checksum: 10c0/5aad75ab0090b8266069c9aabe582c021ae53eb33c6c691054a13a45db3b4f91a7fb1bd79151e6b4e9e9a86727b522527c0a06ec7d45206b745d54cd3097bcec
  languageName: node
  linkType: hard

"node-gyp@npm:latest":
  version: 12.3.0
  resolution: "node-gyp@npm:12.3.0"
  dependencies:
    env-paths: "npm:^2.2.0"
    exponential-backoff: "npm:^3.1.1"
    graceful-fs: "npm:^4.2.6"
    nopt: "npm:^9.0.0"
    proc-log: "npm:^6.0.0"
    semver: "npm:^7.3.5"
    tar: "npm:^7.5.4"
    tinyglobby: "npm:^0.2.12"
    undici: "npm:^6.25.0"
    which: "npm:^6.0.0"
  bin:
    node-gyp: bin/node-gyp.js
  checksum: 10c0/9d9032b405cbe42f72a105259d9eb679376470c102df4a2dbaa51e07d59bf741dcffb85897087ea9d8318b9cabb824a8978af51508ae142f0239ae1e6a3c2329
  languageName: node
  linkType: hard

"nopt@npm:^9.0.0":
  version: 9.0.0
  resolution: "nopt@npm:9.0.0"
  dependencies:
    abbrev: "npm:^4.0.0"
  bin:
    nopt: bin/nopt.js
  checksum: 10c0/1822eb6f9b020ef6f7a7516d7b64a8036e09666ea55ac40416c36e4b2b343122c3cff0e2f085675f53de1d2db99a2a89a60ccea1d120bcd6a5347bf6ceb4a7fd
  languageName: node
  linkType: hard

"normalize-path@npm:^3.0.0, normalize-path@npm:~3.0.0":
  version: 3.0.0
  resolution: "normalize-path@npm:3.0.0"
  checksum: 10c0/e008c8142bcc335b5e38cf0d63cfd39d6cf2d97480af9abdbe9a439221fd4d749763bab492a8ee708ce7a194bb00c9da6d0a115018672310850489137b3da046
  languageName: node
  linkType: hard

"package-json-from-dist@npm:^1.0.1":
  version: 1.0.1
  resolution: "package-json-from-dist@npm:1.0.1"
  checksum: 10c0/62ba2785eb655fec084a257af34dbe24292ab74516d6aecef97ef72d4897310bc6898f6c85b5cd22770eaa1ce60d55a0230e150fb6a966e3ecd6c511e23d164b
  languageName: node
  linkType: hard

"path-scurry@npm:^2.0.2":
  version: 2.0.2
  resolution: "path-scurry@npm:2.0.2"
  dependencies:
    lru-cache: "npm:^11.0.0"
    minipass: "npm:^7.1.2"
  checksum: 10c0/b35ad37cf6557a87fd057121ce2be7695380c9138d93e87ae928609da259ea0a170fac6f3ef1eb3ece8a068e8b7f2f3adf5bb2374cf4d4a57fe484954fcc9482
  languageName: node
  linkType: hard

"phaser-raycaster@npm:0.11.0":
  version: 0.11.0
  resolution: "phaser-raycaster@npm:0.11.0"
  checksum: 10c0/cee17f732009fc9b7318d85a58ccec3f77b39cdf7c52fc8dc7c9c2052e8eb8b2a4194fe3ca0bc5a26e3452b8f242027f8551320c31f00dcdbd3b35aa7443f70a
  languageName: node
  linkType: hard

"phaser@npm:^3.83.0":
  version: 3.90.0
  resolution: "phaser@npm:3.90.0"
  dependencies:
    eventemitter3: "npm:^5.0.1"
  checksum: 10c0/43d405832fc84c8641e22842fe8d4ca954950ffde364bfb60e4d07b05a29f33eb0c9d4a64acda088122ee6649b7b3ed6d9b3b99bbb67671a528c6ceb10d71689
  languageName: node
  linkType: hard

"picocolors@npm:^1.1.1":
  version: 1.1.1
  resolution: "picocolors@npm:1.1.1"
  checksum: 10c0/e2e3e8170ab9d7c7421969adaa7e1b31434f789afb9b3f115f6b96d91945041ac3ceb02e9ec6fe6510ff036bcc0bf91e69a1772edc0b707e12b19c0f2d6bcf58
  languageName: node
  linkType: hard

"picomatch@npm:^2.0.4, picomatch@npm:^2.2.1":
  version: 2.3.2
  resolution: "picomatch@npm:2.3.2"
  checksum: 10c0/a554d1709e59be97d1acb9eaedbbc700a5c03dbd4579807baed95100b00420bc729335440ef15004ae2378984e2487a7c1cebd743cfdb72b6fa9ab69223c0d61
  languageName: node
  linkType: hard

"picomatch@npm:^4.0.4":
  version: 4.0.4
  resolution: "picomatch@npm:4.0.4"
  checksum: 10c0/e2c6023372cc7b5764719a5ffb9da0f8e781212fa7ca4bd0562db929df8e117460f00dff3cb7509dacfc06b86de924b247f504d0ce1806a37fac4633081466b0
  languageName: node
  linkType: hard

"proc-log@npm:^6.0.0":
  version: 6.1.0
  resolution: "proc-log@npm:6.1.0"
  checksum: 10c0/4f178d4062733ead9d71a9b1ab24ebcecdfe2250916a5b1555f04fe2eda972a0ec76fbaa8df1ad9c02707add6749219d118a4fc46dc56bdfe4dde4b47d80bb82
  languageName: node
  linkType: hard

"readdirp@npm:~3.6.0":
  version: 3.6.0
  resolution: "readdirp@npm:3.6.0"
  dependencies:
    picomatch: "npm:^2.2.1"
  checksum: 10c0/6fa848cf63d1b82ab4e985f4cf72bd55b7dcfd8e0a376905804e48c3634b7e749170940ba77b32804d5fe93b3cc521aa95a8d7e7d725f830da6d93f3669ce66b
  languageName: node
  linkType: hard

"reduce-configs@npm:^1.1.2":
  version: 1.1.2
  resolution: "reduce-configs@npm:1.1.2"
  checksum: 10c0/dfd1c11e8e01b7ffef4469747a49f9f4f03442fddb2dab8a85fff094fd90eb8dd130fabba4e7fdd30272cae1e06d43d690b8cf01684ef17e821b3d0aad47dc3f
  languageName: node
  linkType: hard

"rimraf@npm:^6.1.3":
  version: 6.1.3
  resolution: "rimraf@npm:6.1.3"
  dependencies:
    glob: "npm:^13.0.3"
    package-json-from-dist: "npm:^1.0.1"
  bin:
    rimraf: dist/esm/bin.mjs
  checksum: 10c0/4a56537850102e20ba5d5eb49f366b4b7b2435389734b4b8480cf0e0eb0f6f5d0c44120a171aeb0d8f9ab40312a10d2262f3f50acbad803e32caef61b6cf86fc
  languageName: node
  linkType: hard

"semver@npm:^7.3.5":
  version: 7.8.1
  resolution: "semver@npm:7.8.1"
  bin:
    semver: bin/semver.js
  checksum: 10c0/92d6871d6347e1f99d0ba396a70f2545ccf2a032cda3d378fa0699edf7506b5c6d266aed55c8b88e72bd91a30d2351e4f39db479375374430fcdc4b58f4e3c1a
  languageName: node
  linkType: hard

"tar@npm:^7.5.4":
  version: 7.5.15
  resolution: "tar@npm:7.5.15"
  dependencies:
    "@isaacs/fs-minipass": "npm:^4.0.0"
    chownr: "npm:^3.0.0"
    minipass: "npm:^7.1.2"
    minizlib: "npm:^3.1.0"
    yallist: "npm:^5.0.0"
  checksum: 10c0/8f039edb1d12fdd7df6c6f9877d125afe9f3da3f5f9317df326fdd090d48793d6998cede1506a1471f3e3a250db270a89dace28005eb5e99c5a9132d704ac956
  languageName: node
  linkType: hard

"test@workspace:.":
  version: 0.0.0-use.local
  resolution: "test@workspace:."
  dependencies:
    "@biomejs/biome": "npm:^2.4.16"
    "@rsbuild/core": "npm:^2.0.9"
    "@rsbuild/plugin-type-check": "npm:^1.3.5"
    "@types/node": "npm:^25.9.1"
    phaser: "npm:^3.83.0"
    phaser-raycaster: "npm:0.11.0"
    rimraf: "npm:^6.1.3"
    typescript: "npm:^6.0.3"
  languageName: unknown
  linkType: soft

"thingies@npm:^2.5.0":
  version: 2.6.0
  resolution: "thingies@npm:2.6.0"
  peerDependencies:
    tslib: ^2
  checksum: 10c0/6357247872cfd0ef5407455eab2724ccbf591f0b1a56a230c66ab139dc0a8bb4acaf85c177af0eee7a49740a4674c424529eca3e573b439eb256afed4e433fac
  languageName: node
  linkType: hard

"tinyglobby@npm:^0.2.12":
  version: 0.2.16
  resolution: "tinyglobby@npm:0.2.16"
  dependencies:
    fdir: "npm:^6.5.0"
    picomatch: "npm:^4.0.4"
  checksum: 10c0/f2e09fd93dd95c41e522113b686ff6f7c13020962f8698a864a257f3d7737599afc47722b7ab726e12f8a813f779906187911ff8ee6701ede65072671a7e934b
  languageName: node
  linkType: hard

"to-regex-range@npm:^5.0.1":
  version: 5.0.1
  resolution: "to-regex-range@npm:5.0.1"
  dependencies:
    is-number: "npm:^7.0.0"
  checksum: 10c0/487988b0a19c654ff3e1961b87f471702e708fa8a8dd02a298ef16da7206692e8552a0250e8b3e8759270f62e9d8314616f6da274734d3b558b1fc7b7724e892
  languageName: node
  linkType: hard

"tree-dump@npm:^1.0.3, tree-dump@npm:^1.1.0":
  version: 1.1.0
  resolution: "tree-dump@npm:1.1.0"
  peerDependencies:
    tslib: 2
  checksum: 10c0/079f0f0163b68ee2eedc65cab1de6fb121487eba9ae135c106a8bc5e4ab7906ae0b57d86016e4a7da8c0ee906da1eae8c6a1490cd6e2a5e5ccbca321e1f959ca
  languageName: node
  linkType: hard

"ts-checker-rspack-plugin@npm:^1.3.1":
  version: 1.3.2
  resolution: "ts-checker-rspack-plugin@npm:1.3.2"
  dependencies:
    "@rspack/lite-tapable": "npm:^1.1.1"
    chokidar: "npm:^3.6.0"
    memfs: "npm:^4.57.3"
    picocolors: "npm:^1.1.1"
  peerDependencies:
    "@rspack/core": ^1.0.0 || ^2.0.0
    typescript: ">=3.8.0"
  peerDependenciesMeta:
    "@rspack/core":
      optional: true
  checksum: 10c0/14e626fb8477402f87229696e36a6b21e95025307ab3611c1bf724f4cf16c177acaf691aa8cfaefa166f3c02088d7048f79c7f14781614702a410b9d5cc4ac07
  languageName: node
  linkType: hard

"tslib@npm:^2.0.0, tslib@npm:^2.4.0, tslib@npm:^2.8.0":
  version: 2.8.1
  resolution: "tslib@npm:2.8.1"
  checksum: 10c0/9c4759110a19c53f992d9aae23aac5ced636e99887b51b9e61def52611732872ff7668757d4e4c61f19691e36f4da981cd9485e869b4a7408d689f6bf1f14e62
  languageName: node
  linkType: hard

"typescript@npm:^6.0.3":
  version: 6.0.3
  resolution: "typescript@npm:6.0.3"
  bin:
    tsc: bin/tsc
    tsserver: bin/tsserver
  checksum: 10c0/4a25ff5045b984370f48f196b3a0120779b1b343d40b9a68d114ea5e5fff099809b2bb777576991a63a5cd59cf7bffd96ff6fe10afcefbcb8bd6fb96ad4b6606
  languageName: node
  linkType: hard

"typescript@patch:typescript@npm%3A^6.0.3#optional!builtin<compat/typescript>":
  version: 6.0.3
  resolution: "typescript@patch:typescript@npm%3A6.0.3#optional!builtin<compat/typescript>::version=6.0.3&hash=5786d5"
  bin:
    tsc: bin/tsc
    tsserver: bin/tsserver
  checksum: 10c0/2f25c74e65663c248fa1ade2b8459d9ce5372ff9dad07067310f132966ebec1d93f6c42f0baf77a6b6a7a91460463f708e6887013aaade22111037457c6b25df
  languageName: node
  linkType: hard

"undici-types@npm:>=7.24.0 <7.24.7":
  version: 7.24.6
  resolution: "undici-types@npm:7.24.6"
  checksum: 10c0/d9cd8befb643ac904615c280a095ba4240531f6bb4a5e75a22a7483630ca8d3f1016d2ab6ace6ceda1f63b3a2db2fe037fafe121d6917a0187573aa548ff78ca
  languageName: node
  linkType: hard

"undici@npm:^6.25.0":
  version: 6.25.0
  resolution: "undici@npm:6.25.0"
  checksum: 10c0/2597cc6689bdb02c210c557b1f85febbfda65becae6e6fc1061508e2f33734d25207f81cd8af56ada9956329eb3a7bd7431e87dcfeceba20ee87059b57dcf985
  languageName: node
  linkType: hard

"which@npm:^6.0.0":
  version: 6.0.1
  resolution: "which@npm:6.0.1"
  dependencies:
    isexe: "npm:^4.0.0"
  bin:
    node-which: bin/which.js
  checksum: 10c0/7e710e54ea36d2d6183bee2f9caa27a3b47b9baf8dee55a199b736fcf85eab3b9df7556fca3d02b50af7f3dfba5ea3a45644189836df06267df457e354da66d5
  languageName: node
  linkType: hard

"yallist@npm:^5.0.0":
  version: 5.0.0
  resolution: "yallist@npm:5.0.0"
  checksum: 10c0/a499c81ce6d4a1d260d4ea0f6d49ab4da09681e32c3f0472dee16667ed69d01dae63a3b81745a24bd78476ec4fcf856114cb4896ace738e01da34b2c42235416
  languageName: node
  linkType: hard
